
Microsoft Visual Studio Solution File, Format Version 12.00
# Visual Studio Version 17
VisualStudioVersion = 17.0.32014.148
MinimumVisualStudioVersion = 10.0.40219.1
Project("{9A19103F-16F7-4668-BE54-9A1E7A4F7556}") = "TestingLib", "TestingLib\TestingLib.csproj", "{FBACE445-0570-44A8-AC0D-4303C6B34BFE}"
EndProject
Project("{2150E333-8FDC-42A3-9474-1A3956D46DE8}") = "_GLFW", "_GLFW", "{E2FA3185-B460-4556-8C7F-92ADF357CFA8}"
EndProject
Project("{2150E333-8FDC-42A3-9474-1A3956D46DE8}") = "_Math", "_Math", "{D64D3973-B222-46E0-90FB-9A8CB66DB4B9}"
EndProject
Project("{9A19103F-16F7-4668-BE54-9A1E7A4F7556}") = "Math", "Math\Math.csproj", "{2DB809D8-8DBF-45FD-8DBC-DD7EC1CA9A1A}"
EndProject
Project("{2150E333-8FDC-42A3-9474-1A3956D46DE8}") = "_NativeOpenGL", "_NativeOpenGL", "{FA8DA8AC-2954-45A2-928B-17374F92B788}"
EndProject
Project("{9A19103F-16F7-4668-BE54-9A1E7A4F7556}") = "NativeOpenGL", "NativeOpenGL\NativeOpenGL.csproj", "{B21992A6-8437-425A-81B2-0BE42F4D3D01}"
EndProject
Project("{2150E333-8FDC-42A3-9474-1A3956D46DE8}") = "_FrederikaEngine", "_FrederikaEngine", "{4A1F50A7-FB5F-4F97-AA76-6E1CB9E50343}"
EndProject
Project("{9A19103F-16F7-4668-BE54-9A1E7A4F7556}") = "FrederikaEngine", "FrederikaEngine\FrederikaEngine.csproj", "{5D70F60C-640D-428B-9FDC-FF3697C06FE1}"
EndProject
Project("{9A19103F-16F7-4668-BE54-9A1E7A4F7556}") = "GLFW", "GLFW\GLFW.csproj", "{B99BB0D8-7317-475E-B3B0-D925E9EA9B36}"
EndProject
Project("{9A19103F-16F7-4668-BE54-9A1E7A4F7556}") = "TTTT", "TTTT\TTTT.csproj", "{0C6F2D8B-AAE5-4678-A9E1-B8CC91469C1D}"
EndProject
Project("{9A19103F-16F7-4668-BE54-9A1E7A4F7556}") = "Veldrid", "Veldrid\Veldrid.csproj", "{B9CCE91E-2071-4D2C-8562-36F7AC39A398}"
EndProject
Project("{2150E333-8FDC-42A3-9474-1A3956D46DE8}") = "_Core", "_Core", "{B92CB491-01D6-46EC-9695-2523B5366CE2}"
EndProject
Project("{9A19103F-16F7-4668-BE54-9A1E7A4F7556}") = "FrederikaCore", "FrederikaCore\FrederikaCore.csproj", "{9483765B-7333-43E0-9870-6CE3C9386AED}"
EndProject
Global
	GlobalSection(SolutionConfigurationPlatforms) = preSolution
		Debug|Any CPU = Debug|Any CPU
		Release|Any CPU = Release|Any CPU
	EndGlobalSection
	GlobalSection(ProjectConfigurationPlatforms) = postSolution
		{FBACE445-0570-44A8-AC0D-4303C6B34BFE}.Debug|Any CPU.ActiveCfg = Debug|Any CPU
		{FBACE445-0570-44A8-AC0D-4303C6B34BFE}.Debug|Any CPU.Build.0 = Debug|Any CPU
		{FBACE445-0570-44A8-AC0D-4303C6B34BFE}.Release|Any CPU.ActiveCfg = Release|Any CPU
		{FBACE445-0570-44A8-AC0D-4303C6B34BFE}.Release|Any CPU.Build.0 = Release|Any CPU
		{2DB809D8-8DBF-45FD-8DBC-DD7EC1CA9A1A}.Debug|Any CPU.ActiveCfg = Debug|Any CPU
		{2DB809D8-8DBF-45FD-8DBC-DD7EC1CA9A1A}.Debug|Any CPU.Build.0 = Debug|Any CPU
		{2DB809D8-8DBF-45FD-8DBC-DD7EC1CA9A1A}.Release|Any CPU.ActiveCfg = Release|Any CPU
		{2DB809D8-8DBF-45FD-8DBC-DD7EC1CA9A1A}.Release|Any CPU.Build.0 = Release|Any CPU
		{B21992A6-8437-425A-81B2-0BE42F4D3D01}.Debug|Any CPU.ActiveCfg = Debug|Any CPU
		{B21992A6-8437-425A-81B2-0BE42F4D3D01}.Debug|Any CPU.Build.0 = Debug|Any CPU
		{B21992A6-8437-425A-81B2-0BE42F4D3D01}.Release|Any CPU.ActiveCfg = Release|Any CPU
		{B21992A6-8437-425A-81B2-0BE42F4D3D01}.Release|Any CPU.Build.0 = Release|Any CPU
		{5D70F60C-640D-428B-9FDC-FF3697C06FE1}.Debug|Any CPU.ActiveCfg = Debug|Any CPU
		{5D70F60C-640D-428B-9FDC-FF3697C06FE1}.Debug|Any CPU.Build.0 = Debug|Any CPU
		{5D70F60C-640D-428B-9FDC-FF3697C06FE1}.Release|Any CPU.ActiveCfg = Release|Any CPU
		{5D70F60C-640D-428B-9FDC-FF3697C06FE1}.Release|Any CPU.Build.0 = Release|Any CPU
		{B99BB0D8-7317-475E-B3B0-D925E9EA9B36}.Debug|Any CPU.ActiveCfg = Debug|Any CPU
		{B99BB0D8-7317-475E-B3B0-D925E9EA9B36}.Debug|Any CPU.Build.0 = Debug|Any CPU
		{B99BB0D8-7317-475E-B3B0-D925E9EA9B36}.Release|Any CPU.ActiveCfg = Release|Any CPU
		{B99BB0D8-7317-475E-B3B0-D925E9EA9B36}.Release|Any CPU.Build.0 = Release|Any CPU
		{0C6F2D8B-AAE5-4678-A9E1-B8CC91469C1D}.Debug|Any CPU.ActiveCfg = Debug|Any CPU
		{0C6F2D8B-AAE5-4678-A9E1-B8CC91469C1D}.Debug|Any CPU.Build.0 = Debug|Any CPU
		{0C6F2D8B-AAE5-4678-A9E1-B8CC91469C1D}.Release|Any CPU.ActiveCfg = Release|Any CPU
		{0C6F2D8B-AAE5-4678-A9E1-B8CC91469C1D}.Release|Any CPU.Build.0 = Release|Any CPU
		{B9CCE91E-2071-4D2C-8562-36F7AC39A398}.Debug|Any CPU.ActiveCfg = Debug|Any CPU
		{B9CCE91E-2071-4D2C-8562-36F7AC39A398}.Debug|Any CPU.Build.0 = Debug|Any CPU
		{B9CCE91E-2071-4D2C-8562-36F7AC39A398}.Release|Any CPU.ActiveCfg = Release|Any CPU
		{B9CCE91E-2071-4D2C-8562-36F7AC39A398}.Release|Any CPU.Build.0 = Release|Any CPU
		{9483765B-7333-43E0-9870-6CE3C9386AED}.Debug|Any CPU.ActiveCfg = Debug|Any CPU
		{9483765B-7333-43E0-9870-6CE3C9386AED}.Debug|Any CPU.Build.0 = Debug|Any CPU
		{9483765B-7333-43E0-9870-6CE3C9386AED}.Release|Any CPU.ActiveCfg = Release|Any CPU
		{9483765B-7333-43E0-9870-6CE3C9386AED}.Release|Any CPU.Build.0 = Release|Any CPU
	EndGlobalSection
	GlobalSection(SolutionProperties) = preSolution
		HideSolutionNode = FALSE
	EndGlobalSection
	GlobalSection(NestedProjects) = preSolution
		{2DB809D8-8DBF-45FD-8DBC-DD7EC1CA9A1A} = {D64D3973-B222-46E0-90FB-9A8CB66DB4B9}
		{B21992A6-8437-425A-81B2-0BE42F4D3D01} = {FA8DA8AC-2954-45A2-928B-17374F92B788}
		{5D70F60C-640D-428B-9FDC-FF3697C06FE1} = {4A1F50A7-FB5F-4F97-AA76-6E1CB9E50343}
		{B99BB0D8-7317-475E-B3B0-D925E9EA9B36} = {E2FA3185-B460-4556-8C7F-92ADF357CFA8}
		{B9CCE91E-2071-4D2C-8562-36F7AC39A398} = {FA8DA8AC-2954-45A2-928B-17374F92B788}
		{9483765B-7333-43E0-9870-6CE3C9386AED} = {B92CB491-01D6-46EC-9695-2523B5366CE2}
	EndGlobalSection
	GlobalSection(ExtensibilityGlobals) = postSolution
		SolutionGuid = {943245CF-A142-4946-8A06-60578E283840}
	EndGlobalSection
EndGlobal
